
Microsoft Visual Studio Solution File, Format Version 12.00
# Visual Studio Version 16
VisualStudioVersion = 16.0.30517.126
MinimumVisualStudioVersion = 10.0.40219.1
Project("{9A19103F-16F7-4668-BE54-9A1E7A4F7556}") = "Lesson_01", "Lesson_01\Lesson_01.csproj", "{1A20BF71-AB62-4AD9-AB83-A02D1299BBBB}"
EndProject
Project("{9A19103F-16F7-4668-BE54-9A1E7A4F7556}") = "Lesson_02", "Lesson_02\Lesson_02.csproj", "{07A7FDF7-011D-473C-BEB0-E2652D983BB9}"
EndProject
Project("{9A19103F-16F7-4668-BE54-9A1E7A4F7556}") = "Lesson_03 Homework(missed lection)", "Lesson_03 Homework\Lesson_03 Homework(missed lection).csproj", "{26D34921-D1C9-406D-A586-20EF81A1BB3B}"
EndProject
Project("{9A19103F-16F7-4668-BE54-9A1E7A4F7556}") = "Lesson_03 (missed lection)", "Lesson_03 (missed classes)\Lesson_03 (missed lection).csproj", "{E1210302-E6B1-487D-8066-CD82EFB1766C}"
EndProject
Project("{9A19103F-16F7-4668-BE54-9A1E7A4F7556}") = "Lesson_04", "Lesson_04\Lesson_04.csproj", "{EC640D9B-3557-4834-96FD-1BC05D80D8C5}"
EndProject
Project("{9A19103F-16F7-4668-BE54-9A1E7A4F7556}") = "Lesson_05", "Lesson_05\Lesson_05.csproj", "{017D20D5-8237-4CAF-8839-091AB0679ACB}"
EndProject
Project("{9A19103F-16F7-4668-BE54-9A1E7A4F7556}") = "Lesson_06", "Lesson_06\Lesson_06.csproj", "{78494F7A-3B01-49DF-99B4-4238B22A36D2}"
EndProject
Project("{9A19103F-16F7-4668-BE54-9A1E7A4F7556}") = "Exam", "Exam\Exam.csproj", "{2F78445E-B3FB-41BE-A3F1-F222F5A5CCCD}"
EndProject
Project("{FAE04EC0-301F-11D3-BF4B-00C04F79EFBC}") = "DSA_ASSIGNMENT NEW", "DSA_ASSIGNMENT NEW\DSA_ASSIGNMENT NEW.csproj", "{96247C0D-5DF1-49D9-8164-D20B0DDE4D45}"
EndProject
Global
	GlobalSection(SolutionConfigurationPlatforms) = preSolution
		Debug|Any CPU = Debug|Any CPU
		Release|Any CPU = Release|Any CPU
	EndGlobalSection
	GlobalSection(ProjectConfigurationPlatforms) = postSolution
		{1A20BF71-AB62-4AD9-AB83-A02D1299BBBB}.Debug|Any CPU.ActiveCfg = Debug|Any CPU
		{1A20BF71-AB62-4AD9-AB83-A02D1299BBBB}.Debug|Any CPU.Build.0 = Debug|Any CPU
		{1A20BF71-AB62-4AD9-AB83-A02D1299BBBB}.Release|Any CPU.ActiveCfg = Release|Any CPU
		{1A20BF71-AB62-4AD9-AB83-A02D1299BBBB}.Release|Any CPU.Build.0 = Release|Any CPU
		{07A7FDF7-011D-473C-BEB0-E2652D983BB9}.Debug|Any CPU.ActiveCfg = Debug|Any CPU
		{07A7FDF7-011D-473C-BEB0-E2652D983BB9}.Debug|Any CPU.Build.0 = Debug|Any CPU
		{07A7FDF7-011D-473C-BEB0-E2652D983BB9}.Release|Any CPU.ActiveCfg = Release|Any CPU
		{07A7FDF7-011D-473C-BEB0-E2652D983BB9}.Release|Any CPU.Build.0 = Release|Any CPU
		{26D34921-D1C9-406D-A586-20EF81A1BB3B}.Debug|Any CPU.ActiveCfg = Debug|Any CPU
		{26D34921-D1C9-406D-A586-20EF81A1BB3B}.Debug|Any CPU.Build.0 = Debug|Any CPU
		{26D34921-D1C9-406D-A586-20EF81A1BB3B}.Release|Any CPU.ActiveCfg = Release|Any CPU
		{26D34921-D1C9-406D-A586-20EF81A1BB3B}.Release|Any CPU.Build.0 = Release|Any CPU
		{E1210302-E6B1-487D-8066-CD82EFB1766C}.Debug|Any CPU.ActiveCfg = Debug|Any CPU
		{E1210302-E6B1-487D-8066-CD82EFB1766C}.Debug|Any CPU.Build.0 = Debug|Any CPU
		{E1210302-E6B1-487D-8066-CD82EFB1766C}.Release|Any CPU.ActiveCfg = Release|Any CPU
		{E1210302-E6B1-487D-8066-CD82EFB1766C}.Release|Any CPU.Build.0 = Release|Any CPU
		{EC640D9B-3557-4834-96FD-1BC05D80D8C5}.Debug|Any CPU.ActiveCfg = Debug|Any CPU
		{EC640D9B-3557-4834-96FD-1BC05D80D8C5}.Debug|Any CPU.Build.0 = Debug|Any CPU
		{EC640D9B-3557-4834-96FD-1BC05D80D8C5}.Release|Any CPU.ActiveCfg = Release|Any CPU
		{EC640D9B-3557-4834-96FD-1BC05D80D8C5}.Release|Any CPU.Build.0 = Release|Any CPU
		{017D20D5-8237-4CAF-8839-091AB0679ACB}.Debug|Any CPU.ActiveCfg = Debug|Any CPU
		{017D20D5-8237-4CAF-8839-091AB0679ACB}.Debug|Any CPU.Build.0 = Debug|Any CPU
		{017D20D5-8237-4CAF-8839-091AB0679ACB}.Release|Any CPU.ActiveCfg = Release|Any CPU
		{017D20D5-8237-4CAF-8839-091AB0679ACB}.Release|Any CPU.Build.0 = Release|Any CPU
		{78494F7A-3B01-49DF-99B4-4238B22A36D2}.Debug|Any CPU.ActiveCfg = Debug|Any CPU
		{78494F7A-3B01-49DF-99B4-4238B22A36D2}.Debug|Any CPU.Build.0 = Debug|Any CPU
		{78494F7A-3B01-49DF-99B4-4238B22A36D2}.Release|Any CPU.ActiveCfg = Release|Any CPU
		{78494F7A-3B01-49DF-99B4-4238B22A36D2}.Release|Any CPU.Build.0 = Release|Any CPU
		{2F78445E-B3FB-41BE-A3F1-F222F5A5CCCD}.Debug|Any CPU.ActiveCfg = Debug|Any CPU
		{2F78445E-B3FB-41BE-A3F1-F222F5A5CCCD}.Debug|Any CPU.Build.0 = Debug|Any CPU
		{2F78445E-B3FB-41BE-A3F1-F222F5A5CCCD}.Release|Any CPU.ActiveCfg = Release|Any CPU
		{2F78445E-B3FB-41BE-A3F1-F222F5A5CCCD}.Release|Any CPU.Build.0 = Release|Any CPU
		{96247C0D-5DF1-49D9-8164-D20B0DDE4D45}.Debug|Any CPU.ActiveCfg = Debug|Any CPU
		{96247C0D-5DF1-49D9-8164-D20B0DDE4D45}.Debug|Any CPU.Build.0 = Debug|Any CPU
		{96247C0D-5DF1-49D9-8164-D20B0DDE4D45}.Release|Any CPU.ActiveCfg = Release|Any CPU
		{96247C0D-5DF1-49D9-8164-D20B0DDE4D45}.Release|Any CPU.Build.0 = Release|Any CPU
	EndGlobalSection
	GlobalSection(SolutionProperties) = preSolution
		HideSolutionNode = FALSE
	EndGlobalSection
	GlobalSection(ExtensibilityGlobals) = postSolution
		SolutionGuid = {3FF5AA4E-F9E3-404A-971D-5B66355F1FC1}
	EndGlobalSection
EndGlobal
